
Microsoft Visual Studio Solution File, Format Version 11.00
# Visual Studio 2010
Project("{FAE04EC0-301F-11D3-BF4B-00C04F79EFBC}") = "Foundation", "Code\Foundation\Foundation.csproj", "{76D503C1-FB69-4688-B7F9-49A7D6525263}"
EndProject
Project("{FAE04EC0-301F-11D3-BF4B-00C04F79EFBC}") = "Foundation.Tests", "Tests\UnitTests\Foundation.Tests\Foundation.Tests.csproj", "{FBC8D241-EB09-441D-A960-25D54EC582F8}"
EndProject
Project("{FAE04EC0-301F-11D3-BF4B-00C04F79EFBC}") = "Foundation.Services.Unity", "Code\Foundation.Services.Unity\Foundation.Services.Unity.csproj", "{28B88F2B-5068-4A8F-B900-FF503618A996}"
EndProject
Project("{FAE04EC0-301F-11D3-BF4B-00C04F79EFBC}") = "Foundation.Data", "Code\Foundation.Data\Foundation.Data.csproj", "{1289CF87-299D-4BDD-B1D5-0B1B552901DB}"
EndProject
Project("{FAE04EC0-301F-11D3-BF4B-00C04F79EFBC}") = "Foundation.Services.Windsor", "Code\Foundation.Services.Windsor\Foundation.Services.Windsor.csproj", "{799AC8AD-EC5F-4698-AC9D-E45B2B207AB9}"
EndProject
Global
	GlobalSection(SolutionConfigurationPlatforms) = preSolution
		Debug|Any CPU = Debug|Any CPU
		Release|Any CPU = Release|Any CPU
	EndGlobalSection
	GlobalSection(ProjectConfigurationPlatforms) = postSolution
		{76D503C1-FB69-4688-B7F9-49A7D6525263}.Debug|Any CPU.ActiveCfg = Debug|Any CPU
		{76D503C1-FB69-4688-B7F9-49A7D6525263}.Debug|Any CPU.Build.0 = Debug|Any CPU
		{76D503C1-FB69-4688-B7F9-49A7D6525263}.Release|Any CPU.ActiveCfg = Release|Any CPU
		{76D503C1-FB69-4688-B7F9-49A7D6525263}.Release|Any CPU.Build.0 = Release|Any CPU
		{FBC8D241-EB09-441D-A960-25D54EC582F8}.Debug|Any CPU.ActiveCfg = Debug|Any CPU
		{FBC8D241-EB09-441D-A960-25D54EC582F8}.Debug|Any CPU.Build.0 = Debug|Any CPU
		{FBC8D241-EB09-441D-A960-25D54EC582F8}.Release|Any CPU.ActiveCfg = Release|Any CPU
		{FBC8D241-EB09-441D-A960-25D54EC582F8}.Release|Any CPU.Build.0 = Release|Any CPU
		{28B88F2B-5068-4A8F-B900-FF503618A996}.Debug|Any CPU.ActiveCfg = Debug|Any CPU
		{28B88F2B-5068-4A8F-B900-FF503618A996}.Debug|Any CPU.Build.0 = Debug|Any CPU
		{28B88F2B-5068-4A8F-B900-FF503618A996}.Release|Any CPU.ActiveCfg = Release|Any CPU
		{28B88F2B-5068-4A8F-B900-FF503618A996}.Release|Any CPU.Build.0 = Release|Any CPU
		{1289CF87-299D-4BDD-B1D5-0B1B552901DB}.Debug|Any CPU.ActiveCfg = Debug|Any CPU
		{1289CF87-299D-4BDD-B1D5-0B1B552901DB}.Debug|Any CPU.Build.0 = Debug|Any CPU
		{1289CF87-299D-4BDD-B1D5-0B1B552901DB}.Release|Any CPU.ActiveCfg = Release|Any CPU
		{1289CF87-299D-4BDD-B1D5-0B1B552901DB}.Release|Any CPU.Build.0 = Release|Any CPU
		{799AC8AD-EC5F-4698-AC9D-E45B2B207AB9}.Debug|Any CPU.ActiveCfg = Debug|Any CPU
		{799AC8AD-EC5F-4698-AC9D-E45B2B207AB9}.Debug|Any CPU.Build.0 = Debug|Any CPU
		{799AC8AD-EC5F-4698-AC9D-E45B2B207AB9}.Release|Any CPU.ActiveCfg = Release|Any CPU
		{799AC8AD-EC5F-4698-AC9D-E45B2B207AB9}.Release|Any CPU.Build.0 = Release|Any CPU
	EndGlobalSection
	GlobalSection(SolutionProperties) = preSolution
		HideSolutionNode = FALSE
	EndGlobalSection
EndGlobal
